<?xml version="1.0" encoding="utf-8"?>
<Project ToolsVersion="4.0" xmlns="http://schemas.microsoft.com/developer/msbuild/2003">
  <ItemGroup>
    <Filter Include="Header Files">
      <UniqueIdentifier>{93995380-89BD-4b04-88EB-625FBE52EBFB}</UniqueIdentifier>
      <Extensions>h;hh;hpp;hxx;hm;inl;inc;xsd</Extensions>
    </Filter>
    <Filter Include="Resource Files">
      <UniqueIdentifier>{67DA6AB6-F800-4c08-8B7A-83BB121AAD01}</UniqueIdentifier>
      <Extensions>rc;ico;cur;bmp;dlg;rc2;rct;bin;rgs;gif;jpg;jpeg;jpe;resx;tiff;tif;png;wav;mfcribbon-ms</Extensions>
    </Filter>
    <Filter Include="Source Files">
      <UniqueIdentifier>{4FC737F1-C7A5-4376-A066-2A32D752A2FF}</UniqueIdentifier>
      <Extensions>cpp;c;cc;cxx;def;odl;idl;hpj;bat;asm;asmx</Extensions>
    </Filter>
  </ItemGroup>
  <ItemGroup>
    <ClInclude Include="LibraryManagement.h">
      <Filter>Header Files</Filter>
    </ClInclude>
    <ClInclude Include="Menu.h">
      <Filter>Header Files</Filter>
    </ClInclude>
    <ClInclude Include="commonFunction.h">
      <Filter>Header Files</Filter>
    </ClInclude>
    <ClInclude Include="Login_Logout.h">
      <Filter>Header Files</Filter>
    </ClInclude>
    <ClInclude Include="createUser.h">
      <Filter>Header Files</Filter>
    </ClInclude>
    <ClInclude Include="changePassword.h">
      <Filter>Header Files</Filter>
    </ClInclude>
    <ClInclude Include="changeProfile.h">
      <Filter>Header Files</Filter>
    </ClInclude>
    <ClInclude Include="decentraliseUsers.h">
      <Filter>Header Files</Filter>
    </ClInclude>
    <ClInclude Include="statusUser.h">
      <Filter>Header Files</Filter>
    </ClInclude>
    <ClInclude Include="functionsFile.h">
      <Filter>Header Files</Filter>
    </ClInclude>
    <ClInclude Include="readerManagement.h">
      <Filter>Header Files</Filter>
    </ClInclude>
    <ClInclude Include="bookManagement.h">
      <Filter>Header Files</Filter>
    </ClInclude>
    <ClInclude Include="runUser.h">
      <Filter>Header Files</Filter>
    </ClInclude>
    <ClInclude Include="linkedListReaders.h">
      <Filter>Header Files</Filter>
    </ClInclude>
    <ClInclude Include="linkedListBooks.h">
      <Filter>Header Files</Filter>
    </ClInclude>
    <ClInclude Include="borrowedBooks.h">
      <Filter>Header Files</Filter>
    </ClInclude>
  </ItemGroup>
  <ItemGroup>
    <ClCompile Include="LibraryManagement.cpp">
      <Filter>Source Files</Filter>
    </ClCompile>
    <ClCompile Include="Menu.cpp">
      <Filter>Source Files</Filter>
    </ClCompile>
    <ClCompile Include="commonFunction.cpp">
      <Filter>Source Files</Filter>
    </ClCompile>
    <ClCompile Include="Login_Logout.cpp">
      <Filter>Source Files</Filter>
    </ClCompile>
    <ClCompile Include="createUser.cpp">
      <Filter>Source Files</Filter>
    </ClCompile>
    <ClCompile Include="changePassword.cpp">
      <Filter>Source Files</Filter>
    </ClCompile>
    <ClCompile Include="changeProfile.cpp">
      <Filter>Source Files</Filter>
    </ClCompile>
    <ClCompile Include="decentraliseUsers.cpp">
      <Filter>Source Files</Filter>
    </ClCompile>
    <ClCompile Include="statusUser.cpp">
      <Filter>Source Files</Filter>
    </ClCompile>
    <ClCompile Include="functionsFile.cpp">
      <Filter>Source Files</Filter>
    </ClCompile>
    <ClCompile Include="readerManagement.cpp">
      <Filter>Source Files</Filter>
    </ClCompile>
    <ClCompile Include="bookManagement.cpp">
      <Filter>Source Files</Filter>
    </ClCompile>
    <ClCompile Include="runUser.cpp">
      <Filter>Source Files</Filter>
    </ClCompile>
    <ClCompile Include="linkedListReaders.cpp">
      <Filter>Source Files</Filter>
    </ClCompile>
    <ClCompile Include="linkedListBooks.cpp">
      <Filter>Source Files</Filter>
    </ClCompile>
    <ClCompile Include="borrowedBooks.cpp">
      <Filter>Source Files</Filter>
    </ClCompile>
  </ItemGroup>
</Project>